# THIS IS AN AUTOGENERATED FILE. DO NOT EDIT THIS FILE DIRECTLY.
# yarn lockfile v1


jwt-simple@^0.5.1:
  version "0.5.1"
  resolved "http://registry.npm.taobao.org/jwt-simple/download/jwt-simple-0.5.1.tgz#79ea01891b61de6b68e13e67c0b4b5bda937b294"

node-fetch@next:
  version "2.0.0-alpha.8"
  resolved "http://registry.npm.taobao.org/node-fetch/download/node-fetch-2.0.0-alpha.8.tgz#f586cf6730ce30431c7d4528ce561d81add8ba90"
